# THIS IS AN AUTOGENERATED FILE. DO NOT EDIT THIS FILE DIRECTLY.
# yarn lockfile v1


"s4-config@ssh://git@github.com:LorchAW/S4_Config#master":
  version "0.26.18"
  resolved "ssh://git@github.com:LorchAW/S4_Config#6d40d50887400358184f24bd32ff5c690a6dfb55"

"sbsfu-se@ssh://git@github.com:LorchAW/SBSFU-SE#v2.1.2":
  version "2.0.0"
  resolved "ssh://git@github.com:LorchAW/SBSFU-SE#9ade00c13d84eaa3e1f463199d912029c7b938af"
  dependencies:
    s4-config "ssh://git@github.com:LorchAW/S4_Config#master"
